# THIS IS AN AUTOGENERATED FILE. DO NOT EDIT THIS FILE DIRECTLY.
# yarn lockfile v1


"@types/k6@^0.53.1":
  version "0.53.1"
  resolved "https://registry.yarnpkg.com/@types/k6/-/k6-0.53.1.tgz#51a8cbdfcf1278ed601c87c6d7d2e9cf15f0fd73"
  integrity sha512-Mm1+7kESDNssyBiMV+5MVAJKwpJbj1Y3X1YkCDlaiPbjuc8DeaPtQFBv3pnip/0ZjM9P/P/aDNvd4BvQT0lQDg==

typescript@^5.5.4:
  version "5.5.4"
  resolved "https://registry.yarnpkg.com/typescript/-/typescript-5.5.4.tgz#d9852d6c82bad2d2eda4fd74a5762a8f5909e9ba"
  integrity sha512-Mtq29sKDAEYP7aljRgtPOpTvOfbwRWlS6dPRzwjdE+C0R4brX/GUyhHSecbHMFLNBLcJIPt9nl9yG5TZ1weH+Q==
